
Microsoft Visual Studio Solution File, Format Version 12.00
# Visual Studio Version 16
VisualStudioVersion = 16.0.30509.190
MinimumVisualStudioVersion = 10.0.40219.1
Project("{FAE04EC0-301F-11D3-BF4B-00C04F79EFBC}") = "AssemblyCorruption.Server", "AssemblyCorruption\Server\AssemblyCorruption.Server.csproj", "{B0710F21-8EF1-4344-9D90-83D6ACDE8E99}"
EndProject
Project("{FAE04EC0-301F-11D3-BF4B-00C04F79EFBC}") = "AssemblyCorruption.Client", "AssemblyCorruption\Client\AssemblyCorruption.Client.csproj", "{EF8203C5-C559-4264-AEEB-E9CBC93C0A33}"
EndProject
Project("{FAE04EC0-301F-11D3-BF4B-00C04F79EFBC}") = "DynamicAssembly", "AssemblyCorruption\DynamicAssembly\DynamicAssembly.csproj", "{86DE0465-430E-4DC3-BB0F-C2749F05CDE5}"
EndProject
Project("{FAE04EC0-301F-11D3-BF4B-00C04F79EFBC}") = "SharedModel", "SharedModel\SharedModel.csproj", "{0F7E7FB8-A6EE-445C-8DF1-B2C6135DB197}"
EndProject
Global
	GlobalSection(SolutionConfigurationPlatforms) = preSolution
		Debug|Any CPU = Debug|Any CPU
		Release|Any CPU = Release|Any CPU
	EndGlobalSection
	GlobalSection(ProjectConfigurationPlatforms) = postSolution
		{B0710F21-8EF1-4344-9D90-83D6ACDE8E99}.Debug|Any CPU.ActiveCfg = Debug|Any CPU
		{B0710F21-8EF1-4344-9D90-83D6ACDE8E99}.Debug|Any CPU.Build.0 = Debug|Any CPU
		{B0710F21-8EF1-4344-9D90-83D6ACDE8E99}.Release|Any CPU.ActiveCfg = Release|Any CPU
		{B0710F21-8EF1-4344-9D90-83D6ACDE8E99}.Release|Any CPU.Build.0 = Release|Any CPU
		{EF8203C5-C559-4264-AEEB-E9CBC93C0A33}.Debug|Any CPU.ActiveCfg = Debug|Any CPU
		{EF8203C5-C559-4264-AEEB-E9CBC93C0A33}.Debug|Any CPU.Build.0 = Debug|Any CPU
		{EF8203C5-C559-4264-AEEB-E9CBC93C0A33}.Release|Any CPU.ActiveCfg = Release|Any CPU
		{EF8203C5-C559-4264-AEEB-E9CBC93C0A33}.Release|Any CPU.Build.0 = Release|Any CPU
		{86DE0465-430E-4DC3-BB0F-C2749F05CDE5}.Debug|Any CPU.ActiveCfg = Debug|Any CPU
		{86DE0465-430E-4DC3-BB0F-C2749F05CDE5}.Debug|Any CPU.Build.0 = Debug|Any CPU
		{86DE0465-430E-4DC3-BB0F-C2749F05CDE5}.Release|Any CPU.ActiveCfg = Release|Any CPU
		{86DE0465-430E-4DC3-BB0F-C2749F05CDE5}.Release|Any CPU.Build.0 = Release|Any CPU
		{0F7E7FB8-A6EE-445C-8DF1-B2C6135DB197}.Debug|Any CPU.ActiveCfg = Debug|Any CPU
		{0F7E7FB8-A6EE-445C-8DF1-B2C6135DB197}.Debug|Any CPU.Build.0 = Debug|Any CPU
		{0F7E7FB8-A6EE-445C-8DF1-B2C6135DB197}.Release|Any CPU.ActiveCfg = Release|Any CPU
		{0F7E7FB8-A6EE-445C-8DF1-B2C6135DB197}.Release|Any CPU.Build.0 = Release|Any CPU
	EndGlobalSection
	GlobalSection(SolutionProperties) = preSolution
		HideSolutionNode = FALSE
	EndGlobalSection
	GlobalSection(ExtensibilityGlobals) = postSolution
		SolutionGuid = {5CCAB6B2-F475-4778-A34E-6A9A340B3213}
	EndGlobalSection
EndGlobal
